// !$*UTF8*$!
{
	archiveVersion = 1;
	classes = {
	};
	objectVersion = 46;
	objects = {

/* Begin PBXBuildFile section */
		A75C1D001B172F70008B3956 /* RJCostPerPackTableViewController.swift in Sources */ = {isa = PBXBuildFile; fileRef = A75C1CFF1B172F6F008B3956 /* RJCostPerPackTableViewController.swift */; };
		A75C1D041B1735E7008B3956 /* RJNumberOfCigarettesPerPackTableViewController.swift in Sources */ = {isa = PBXBuildFile; fileRef = A75C1D031B1735E7008B3956 /* RJNumberOfCigarettesPerPackTableViewController.swift */; };
		A773E49F1B1D5B7C0038D718 /* Cigarette.swift in Sources */ = {isa = PBXBuildFile; fileRef = A773E49E1B1D5B7C0038D718 /* Cigarette.swift */; };
		A77E85CE1B1D8CF800066B0A /* RJInitialSettings.swift in Sources */ = {isa = PBXBuildFile; fileRef = A77E85CD1B1D8CF800066B0A /* RJInitialSettings.swift */; };
		A77E85EC1B1D9B2E00066B0A /* RealmSwift.framework in Frameworks */ = {isa = PBXBuildFile; fileRef = A77E85EB1B1D9B2E00066B0A /* RealmSwift.framework */; };
		A77E85ED1B1D9B4E00066B0A /* RealmSwift.framework in Frameworks */ = {isa = PBXBuildFile; fileRef = A77E85EB1B1D9B2E00066B0A /* RealmSwift.framework */; };
		A77E85EE1B1D9B4E00066B0A /* RealmSwift.framework in Embed Frameworks */ = {isa = PBXBuildFile; fileRef = A77E85EB1B1D9B2E00066B0A /* RealmSwift.framework */; settings = {ATTRIBUTES = (CodeSignOnCopy, RemoveHeadersOnCopy, ); }; };
		A77E87CA1B1EC9BC00066B0A /* Extensions.swift in Sources */ = {isa = PBXBuildFile; fileRef = A77E87C91B1EC9BC00066B0A /* Extensions.swift */; };
		A77E88351B1EE3E200066B0A /* AbstractActionSheetPicker.m in Sources */ = {isa = PBXBuildFile; fileRef = A77E88241B1EE3E200066B0A /* AbstractActionSheetPicker.m */; };
		A77E88361B1EE3E200066B0A /* ActionSheetCustomPicker.m in Sources */ = {isa = PBXBuildFile; fileRef = A77E88261B1EE3E200066B0A /* ActionSheetCustomPicker.m */; };
		A77E88371B1EE3E200066B0A /* ActionSheetDatePicker.m in Sources */ = {isa = PBXBuildFile; fileRef = A77E88291B1EE3E200066B0A /* ActionSheetDatePicker.m */; };
		A77E88381B1EE3E200066B0A /* ActionSheetDistancePicker.m in Sources */ = {isa = PBXBuildFile; fileRef = A77E882B1B1EE3E200066B0A /* ActionSheetDistancePicker.m */; };
		A77E88391B1EE3E200066B0A /* ActionSheetLocalePicker.m in Sources */ = {isa = PBXBuildFile; fileRef = A77E882D1B1EE3E200066B0A /* ActionSheetLocalePicker.m */; };
		A77E883A1B1EE3E200066B0A /* ActionSheetStringPicker.m in Sources */ = {isa = PBXBuildFile; fileRef = A77E88301B1EE3E200066B0A /* ActionSheetStringPicker.m */; };
		A77E883B1B1EE3E200066B0A /* DistancePickerView.m in Sources */ = {isa = PBXBuildFile; fileRef = A77E88321B1EE3E200066B0A /* DistancePickerView.m */; };
		A77E883C1B1EE3E200066B0A /* SWActionSheet.m in Sources */ = {isa = PBXBuildFile; fileRef = A77E88341B1EE3E200066B0A /* SWActionSheet.m */; };
		A7D0934A1B146DBD003C1EBE /* AppDelegate.swift in Sources */ = {isa = PBXBuildFile; fileRef = A7D093491B146DBD003C1EBE /* AppDelegate.swift */; };
		A7D0934D1B146DBD003C1EBE /* LastCigarette.xcdatamodeld in Sources */ = {isa = PBXBuildFile; fileRef = A7D0934B1B146DBD003C1EBE /* LastCigarette.xcdatamodeld */; };
		A7D093541B146DBD003C1EBE /* Images.xcassets in Resources */ = {isa = PBXBuildFile; fileRef = A7D093531B146DBD003C1EBE /* Images.xcassets */; };
		A7D093571B146DBD003C1EBE /* LaunchScreen.xib in Resources */ = {isa = PBXBuildFile; fileRef = A7D093551B146DBD003C1EBE /* LaunchScreen.xib */; };
		A7D093631B146DBD003C1EBE /* LastCigaretteTests.swift in Sources */ = {isa = PBXBuildFile; fileRef = A7D093621B146DBD003C1EBE /* LastCigaretteTests.swift */; };
		A7D0936E1B146DFD003C1EBE /* RJLastCigaretteViewController.swift in Sources */ = {isa = PBXBuildFile; fileRef = A7D0936C1B146DFD003C1EBE /* RJLastCigaretteViewController.swift */; };
		A7D0936F1B146DFD003C1EBE /* RJSettingsViewController.swift in Sources */ = {isa = PBXBuildFile; fileRef = A7D0936D1B146DFD003C1EBE /* RJSettingsViewController.swift */; };
		A7D093711B146E33003C1EBE /* Main.storyboard in Resources */ = {isa = PBXBuildFile; fileRef = A7D093701B146E33003C1EBE /* Main.storyboard */; };
		A7D093791B159EAD003C1EBE /* RJIntroViewController.swift in Sources */ = {isa = PBXBuildFile; fileRef = A7D093781B159EAD003C1EBE /* RJIntroViewController.swift */; };
/* End PBXBuildFile section */

/* Begin PBXContainerItemProxy section */
		A7D0935D1B146DBD003C1EBE /* PBXContainerItemProxy */ = {
			isa = PBXContainerItemProxy;
			containerPortal = A7D0933C1B146DBD003C1EBE /* Project object */;
			proxyType = 1;
			remoteGlobalIDString = A7D093431B146DBD003C1EBE;
			remoteInfo = LastCigarette;
		};
/* End PBXContainerItemProxy section */

/* Begin PBXCopyFilesBuildPhase section */
		A7D093771B146ED1003C1EBE /* Embed Frameworks */ = {
			isa = PBXCopyFilesBuildPhase;
			buildActionMask = 2147483647;
			dstPath = "";
			dstSubfolderSpec = 10;
			files = (
				A77E85EE1B1D9B4E00066B0A /* RealmSwift.framework in Embed Frameworks */,
			);
			name = "Embed Frameworks";
			runOnlyForDeploymentPostprocessing = 0;
		};
/* End PBXCopyFilesBuildPhase section */

/* Begin PBXFileReference section */
		A75C1CFF1B172F6F008B3956 /* RJCostPerPackTableViewController.swift */ = {isa = PBXFileReference; fileEncoding = 4; lastKnownFileType = sourcecode.swift; path = RJCostPerPackTableViewController.swift; sourceTree = "<group>"; };
		A75C1D031B1735E7008B3956 /* RJNumberOfCigarettesPerPackTableViewController.swift */ = {isa = PBXFileReference; fileEncoding = 4; lastKnownFileType = sourcecode.swift; path = RJNumberOfCigarettesPerPackTableViewController.swift; sourceTree = "<group>"; };
		A773E49E1B1D5B7C0038D718 /* Cigarette.swift */ = {isa = PBXFileReference; fileEncoding = 4; lastKnownFileType = sourcecode.swift; path = Cigarette.swift; sourceTree = "<group>"; };
		A77E85CD1B1D8CF800066B0A /* RJInitialSettings.swift */ = {isa = PBXFileReference; fileEncoding = 4; lastKnownFileType = sourcecode.swift; name = RJInitialSettings.swift; path = Singletons/RJInitialSettings.swift; sourceTree = "<group>"; };
		A77E85EB1B1D9B2E00066B0A /* RealmSwift.framework */ = {isa = PBXFileReference; lastKnownFileType = wrapper.framework; path = RealmSwift.framework; sourceTree = "<group>"; };
		A77E87C91B1EC9BC00066B0A /* Extensions.swift */ = {isa = PBXFileReference; fileEncoding = 4; lastKnownFileType = sourcecode.swift; path = Extensions.swift; sourceTree = "<group>"; };
		A77E88211B1EE3E200066B0A /* CoreActionSheetPicker.h */ = {isa = PBXFileReference; fileEncoding = 4; lastKnownFileType = sourcecode.c.h; path = CoreActionSheetPicker.h; sourceTree = "<group>"; };
		A77E88231B1EE3E200066B0A /* AbstractActionSheetPicker.h */ = {isa = PBXFileReference; fileEncoding = 4; lastKnownFileType = sourcecode.c.h; path = AbstractActionSheetPicker.h; sourceTree = "<group>"; };
		A77E88241B1EE3E200066B0A /* AbstractActionSheetPicker.m */ = {isa = PBXFileReference; fileEncoding = 4; lastKnownFileType = sourcecode.c.objc; path = AbstractActionSheetPicker.m; sourceTree = "<group>"; };
		A77E88251B1EE3E200066B0A /* ActionSheetCustomPicker.h */ = {isa = PBXFileReference; fileEncoding = 4; lastKnownFileType = sourcecode.c.h; path = ActionSheetCustomPicker.h; sourceTree = "<group>"; };
		A77E88261B1EE3E200066B0A /* ActionSheetCustomPicker.m */ = {isa = PBXFileReference; fileEncoding = 4; lastKnownFileType = sourcecode.c.objc; path = ActionSheetCustomPicker.m; sourceTree = "<group>"; };
		A77E88271B1EE3E200066B0A /* ActionSheetCustomPickerDelegate.h */ = {isa = PBXFileReference; fileEncoding = 4; lastKnownFileType = sourcecode.c.h; path = ActionSheetCustomPickerDelegate.h; sourceTree = "<group>"; };
		A77E88281B1EE3E200066B0A /* ActionSheetDatePicker.h */ = {isa = PBXFileReference; fileEncoding = 4; lastKnownFileType = sourcecode.c.h; path = ActionSheetDatePicker.h; sourceTree = "<group>"; };
		A77E88291B1EE3E200066B0A /* ActionSheetDatePicker.m */ = {isa = PBXFileReference; fileEncoding = 4; lastKnownFileType = sourcecode.c.objc; path = ActionSheetDatePicker.m; sourceTree = "<group>"; };
		A77E882A1B1EE3E200066B0A /* ActionSheetDistancePicker.h */ = {isa = PBXFileReference; fileEncoding = 4; lastKnownFileType = sourcecode.c.h; path = ActionSheetDistancePicker.h; sourceTree = "<group>"; };
		A77E882B1B1EE3E200066B0A /* ActionSheetDistancePicker.m */ = {isa = PBXFileReference; fileEncoding = 4; lastKnownFileType = sourcecode.c.objc; path = ActionSheetDistancePicker.m; sourceTree = "<group>"; };
		A77E882C1B1EE3E200066B0A /* ActionSheetLocalePicker.h */ = {isa = PBXFileReference; fileEncoding = 4; lastKnownFileType = sourcecode.c.h; path = ActionSheetLocalePicker.h; sourceTree = "<group>"; };
		A77E882D1B1EE3E200066B0A /* ActionSheetLocalePicker.m */ = {isa = PBXFileReference; fileEncoding = 4; lastKnownFileType = sourcecode.c.objc; path = ActionSheetLocalePicker.m; sourceTree = "<group>"; };
		A77E882E1B1EE3E200066B0A /* ActionSheetPicker.h */ = {isa = PBXFileReference; fileEncoding = 4; lastKnownFileType = sourcecode.c.h; path = ActionSheetPicker.h; sourceTree = "<group>"; };
		A77E882F1B1EE3E200066B0A /* ActionSheetStringPicker.h */ = {isa = PBXFileReference; fileEncoding = 4; lastKnownFileType = sourcecode.c.h; path = ActionSheetStringPicker.h; sourceTree = "<group>"; };
		A77E88301B1EE3E200066B0A /* ActionSheetStringPicker.m */ = {isa = PBXFileReference; fileEncoding = 4; lastKnownFileType = sourcecode.c.objc; path = ActionSheetStringPicker.m; sourceTree = "<group>"; };
		A77E88311B1EE3E200066B0A /* DistancePickerView.h */ = {isa = PBXFileReference; fileEncoding = 4; lastKnownFileType = sourcecode.c.h; path = DistancePickerView.h; sourceTree = "<group>"; };
		A77E88321B1EE3E200066B0A /* DistancePickerView.m */ = {isa = PBXFileReference; fileEncoding = 4; lastKnownFileType = sourcecode.c.objc; path = DistancePickerView.m; sourceTree = "<group>"; };
		A77E88331B1EE3E200066B0A /* SWActionSheet.h */ = {isa = PBXFileReference; fileEncoding = 4; lastKnownFileType = sourcecode.c.h; path = SWActionSheet.h; sourceTree = "<group>"; };
		A77E88341B1EE3E200066B0A /* SWActionSheet.m */ = {isa = PBXFileReference; fileEncoding = 4; lastKnownFileType = sourcecode.c.objc; path = SWActionSheet.m; sourceTree = "<group>"; };
		A77E883E1B1EE43E00066B0A /* LastCigarette-Bridging-Header.h */ = {isa = PBXFileReference; lastKnownFileType = sourcecode.c.h; path = "LastCigarette-Bridging-Header.h"; sourceTree = "<group>"; };
		A7D093441B146DBD003C1EBE /* LastCigarette.app */ = {isa = PBXFileReference; explicitFileType = wrapper.application; includeInIndex = 0; path = LastCigarette.app; sourceTree = BUILT_PRODUCTS_DIR; };
		A7D093481B146DBD003C1EBE /* Info.plist */ = {isa = PBXFileReference; lastKnownFileType = text.plist.xml; path = Info.plist; sourceTree = "<group>"; };
		A7D093491B146DBD003C1EBE /* AppDelegate.swift */ = {isa = PBXFileReference; lastKnownFileType = sourcecode.swift; path = AppDelegate.swift; sourceTree = "<group>"; };
		A7D0934C1B146DBD003C1EBE /* LastCigarette.xcdatamodel */ = {isa = PBXFileReference; lastKnownFileType = wrapper.xcdatamodel; path = LastCigarette.xcdatamodel; sourceTree = "<group>"; };
		A7D093531B146DBD003C1EBE /* Images.xcassets */ = {isa = PBXFileReference; lastKnownFileType = folder.assetcatalog; path = Images.xcassets; sourceTree = "<group>"; };
		A7D093561B146DBD003C1EBE /* Base */ = {isa = PBXFileReference; lastKnownFileType = file.xib; name = Base; path = Base.lproj/LaunchScreen.xib; sourceTree = "<group>"; };
		A7D0935C1B146DBD003C1EBE /* LastCigaretteTests.xctest */ = {isa = PBXFileReference; explicitFileType = wrapper.cfbundle; includeInIndex = 0; path = LastCigaretteTests.xctest; sourceTree = BUILT_PRODUCTS_DIR; };
		A7D093611B146DBD003C1EBE /* Info.plist */ = {isa = PBXFileReference; lastKnownFileType = text.plist.xml; path = Info.plist; sourceTree = "<group>"; };
		A7D093621B146DBD003C1EBE /* LastCigaretteTests.swift */ = {isa = PBXFileReference; lastKnownFileType = sourcecode.swift; path = LastCigaretteTests.swift; sourceTree = "<group>"; };
		A7D0936C1B146DFD003C1EBE /* RJLastCigaretteViewController.swift */ = {isa = PBXFileReference; fileEncoding = 4; lastKnownFileType = sourcecode.swift; path = RJLastCigaretteViewController.swift; sourceTree = "<group>"; };
		A7D0936D1B146DFD003C1EBE /* RJSettingsViewController.swift */ = {isa = PBXFileReference; fileEncoding = 4; lastKnownFileType = sourcecode.swift; path = RJSettingsViewController.swift; sourceTree = "<group>"; };
		A7D093701B146E33003C1EBE /* Main.storyboard */ = {isa = PBXFileReference; fileEncoding = 4; lastKnownFileType = file.storyboard; path = Main.storyboard; sourceTree = "<group>"; };
		A7D093781B159EAD003C1EBE /* RJIntroViewController.swift */ = {isa = PBXFileReference; fileEncoding = 4; lastKnownFileType = sourcecode.swift; path = RJIntroViewController.swift; sourceTree = "<group>"; };
/* End PBXFileReference section */

/* Begin PBXFrameworksBuildPhase section */
		A7D093411B146DBD003C1EBE /* Frameworks */ = {
			isa = PBXFrameworksBuildPhase;
			buildActionMask = 2147483647;
			files = (
				A77E85ED1B1D9B4E00066B0A /* RealmSwift.framework in Frameworks */,
				A77E85EC1B1D9B2E00066B0A /* RealmSwift.framework in Frameworks */,
			);
			runOnlyForDeploymentPostprocessing = 0;
		};
		A7D093591B146DBD003C1EBE /* Frameworks */ = {
			isa = PBXFrameworksBuildPhase;
			buildActionMask = 2147483647;
			files = (
			);
			runOnlyForDeploymentPostprocessing = 0;
		};
/* End PBXFrameworksBuildPhase section */

/* Begin PBXGroup section */
		A77E85CF1B1D8D1400066B0A /* Singletons */ = {
			isa = PBXGroup;
			children = (
				A77E85CD1B1D8CF800066B0A /* RJInitialSettings.swift */,
			);
			name = Singletons;
			sourceTree = "<group>";
		};
		A77E85E11B1D954400066B0A /* Libraries */ = {
			isa = PBXGroup;
			children = (
				A77E883E1B1EE43E00066B0A /* LastCigarette-Bridging-Header.h */,
				A77E88201B1EE3E200066B0A /* ActionSheetPicker */,
				A77E87C91B1EC9BC00066B0A /* Extensions.swift */,
			);
			path = Libraries;
			sourceTree = "<group>";
		};
		A77E85E91B1D9B2E00066B0A /* Frameworks */ = {
			isa = PBXGroup;
			children = (
				A77E85EA1B1D9B2E00066B0A /* Realm */,
			);
			path = Frameworks;
			sourceTree = "<group>";
		};
		A77E85EA1B1D9B2E00066B0A /* Realm */ = {
			isa = PBXGroup;
			children = (
				A77E85EB1B1D9B2E00066B0A /* RealmSwift.framework */,
			);
			path = Realm;
			sourceTree = "<group>";
		};
		A77E88201B1EE3E200066B0A /* ActionSheetPicker */ = {
			isa = PBXGroup;
			children = (
				A77E88211B1EE3E200066B0A /* CoreActionSheetPicker.h */,
				A77E88221B1EE3E200066B0A /* Pickers */,
			);
			path = ActionSheetPicker;
			sourceTree = "<group>";
		};
		A77E88221B1EE3E200066B0A /* Pickers */ = {
			isa = PBXGroup;
			children = (
				A77E88231B1EE3E200066B0A /* AbstractActionSheetPicker.h */,
				A77E88241B1EE3E200066B0A /* AbstractActionSheetPicker.m */,
				A77E88251B1EE3E200066B0A /* ActionSheetCustomPicker.h */,
				A77E88261B1EE3E200066B0A /* ActionSheetCustomPicker.m */,
				A77E88271B1EE3E200066B0A /* ActionSheetCustomPickerDelegate.h */,
				A77E88281B1EE3E200066B0A /* ActionSheetDatePicker.h */,
				A77E88291B1EE3E200066B0A /* ActionSheetDatePicker.m */,
				A77E882A1B1EE3E200066B0A /* ActionSheetDistancePicker.h */,
				A77E882B1B1EE3E200066B0A /* ActionSheetDistancePicker.m */,
				A77E882C1B1EE3E200066B0A /* ActionSheetLocalePicker.h */,
				A77E882D1B1EE3E200066B0A /* ActionSheetLocalePicker.m */,
				A77E882E1B1EE3E200066B0A /* ActionSheetPicker.h */,
				A77E882F1B1EE3E200066B0A /* ActionSheetStringPicker.h */,
				A77E88301B1EE3E200066B0A /* ActionSheetStringPicker.m */,
				A77E88311B1EE3E200066B0A /* DistancePickerView.h */,
				A77E88321B1EE3E200066B0A /* DistancePickerView.m */,
				A77E88331B1EE3E200066B0A /* SWActionSheet.h */,
				A77E88341B1EE3E200066B0A /* SWActionSheet.m */,
			);
			path = Pickers;
			sourceTree = "<group>";
		};
		A7D0933B1B146DBD003C1EBE = {
			isa = PBXGroup;
			children = (
				A7D093461B146DBD003C1EBE /* LastCigarette */,
				A7D0935F1B146DBD003C1EBE /* LastCigaretteTests */,
				A7D093451B146DBD003C1EBE /* Products */,
			);
			sourceTree = "<group>";
		};
		A7D093451B146DBD003C1EBE /* Products */ = {
			isa = PBXGroup;
			children = (
				A7D093441B146DBD003C1EBE /* LastCigarette.app */,
				A7D0935C1B146DBD003C1EBE /* LastCigaretteTests.xctest */,
			);
			name = Products;
			sourceTree = "<group>";
		};
		A7D093461B146DBD003C1EBE /* LastCigarette */ = {
			isa = PBXGroup;
			children = (
				A7D093491B146DBD003C1EBE /* AppDelegate.swift */,
				A7D0936C1B146DFD003C1EBE /* RJLastCigaretteViewController.swift */,
				A7D093781B159EAD003C1EBE /* RJIntroViewController.swift */,
				A7D0936D1B146DFD003C1EBE /* RJSettingsViewController.swift */,
				A75C1CFF1B172F6F008B3956 /* RJCostPerPackTableViewController.swift */,
				A75C1D031B1735E7008B3956 /* RJNumberOfCigarettesPerPackTableViewController.swift */,
				A773E49E1B1D5B7C0038D718 /* Cigarette.swift */,
				A7D093701B146E33003C1EBE /* Main.storyboard */,
				A7D093531B146DBD003C1EBE /* Images.xcassets */,
				A7D093551B146DBD003C1EBE /* LaunchScreen.xib */,
				A7D0934B1B146DBD003C1EBE /* LastCigarette.xcdatamodeld */,
				A77E85CF1B1D8D1400066B0A /* Singletons */,
				A7D093471B146DBD003C1EBE /* Supporting Files */,
				A77E85E91B1D9B2E00066B0A /* Frameworks */,
				A77E85E11B1D954400066B0A /* Libraries */,
			);
			path = LastCigarette;
			sourceTree = "<group>";
		};
		A7D093471B146DBD003C1EBE /* Supporting Files */ = {
			isa = PBXGroup;
			children = (
				A7D093481B146DBD003C1EBE /* Info.plist */,
			);
			name = "Supporting Files";
			sourceTree = "<group>";
		};
		A7D0935F1B146DBD003C1EBE /* LastCigaretteTests */ = {
			isa = PBXGroup;
			children = (
				A7D093621B146DBD003C1EBE /* LastCigaretteTests.swift */,
				A7D093601B146DBD003C1EBE /* Supporting Files */,
			);
			path = LastCigaretteTests;
			sourceTree = "<group>";
		};
		A7D093601B146DBD003C1EBE /* Supporting Files */ = {
			isa = PBXGroup;
			children = (
				A7D093611B146DBD003C1EBE /* Info.plist */,
			);
			name = "Supporting Files";
			sourceTree = "<group>";
		};
/* End PBXGroup section */

/* Begin PBXNativeTarget section */
		A7D093431B146DBD003C1EBE /* LastCigarette */ = {
			isa = PBXNativeTarget;
			buildConfigurationList = A7D093661B146DBD003C1EBE /* Build configuration list for PBXNativeTarget "LastCigarette" */;
			buildPhases = (
				A7D093401B146DBD003C1EBE /* Sources */,
				A7D093411B146DBD003C1EBE /* Frameworks */,
				A7D093421B146DBD003C1EBE /* Resources */,
				A7D093771B146ED1003C1EBE /* Embed Frameworks */,
			);
			buildRules = (
			);
			dependencies = (
			);
			name = LastCigarette;
			productName = LastCigarette;
			productReference = A7D093441B146DBD003C1EBE /* LastCigarette.app */;
			productType = "com.apple.product-type.application";
		};
		A7D0935B1B146DBD003C1EBE /* LastCigaretteTests */ = {
			isa = PBXNativeTarget;
			buildConfigurationList = A7D093691B146DBD003C1EBE /* Build configuration list for PBXNativeTarget "LastCigaretteTests" */;
			buildPhases = (
				A7D093581B146DBD003C1EBE /* Sources */,
				A7D093591B146DBD003C1EBE /* Frameworks */,
				A7D0935A1B146DBD003C1EBE /* Resources */,
			);
			buildRules = (
			);
			dependencies = (
				A7D0935E1B146DBD003C1EBE /* PBXTargetDependency */,
			);
			name = LastCigaretteTests;
			productName = LastCigaretteTests;
			productReference = A7D0935C1B146DBD003C1EBE /* LastCigaretteTests.xctest */;
			productType = "com.apple.product-type.bundle.unit-test";
		};
/* End PBXNativeTarget section */

/* Begin PBXProject section */
		A7D0933C1B146DBD003C1EBE /* Project object */ = {
			isa = PBXProject;
			attributes = {
				LastUpgradeCheck = 0630;
				ORGANIZATIONNAME = "Robin Roy Julius";
				TargetAttributes = {
					A7D093431B146DBD003C1EBE = {
						CreatedOnToolsVersion = 6.3.2;
					};
					A7D0935B1B146DBD003C1EBE = {
						CreatedOnToolsVersion = 6.3.2;
						TestTargetID = A7D093431B146DBD003C1EBE;
					};
				};
			};
			buildConfigurationList = A7D0933F1B146DBD003C1EBE /* Build configuration list for PBXProject "LastCigarette" */;
			compatibilityVersion = "Xcode 3.2";
			developmentRegion = English;
			hasScannedForEncodings = 0;
			knownRegions = (
				en,
				Base,
			);
			mainGroup = A7D0933B1B146DBD003C1EBE;
			productRefGroup = A7D093451B146DBD003C1EBE /* Products */;
			projectDirPath = "";
			projectRoot = "";
			targets = (
				A7D093431B146DBD003C1EBE /* LastCigarette */,
				A7D0935B1B146DBD003C1EBE /* LastCigaretteTests */,
			);
		};
/* End PBXProject section */

/* Begin PBXResourcesBuildPhase section */
		A7D093421B146DBD003C1EBE /* Resources */ = {
			isa = PBXResourcesBuildPhase;
			buildActionMask = 2147483647;
			files = (
				A7D093711B146E33003C1EBE /* Main.storyboard in Resources */,
				A7D093571B146DBD003C1EBE /* LaunchScreen.xib in Resources */,
				A7D093541B146DBD003C1EBE /* Images.xcassets in Resources */,
			);
			runOnlyForDeploymentPostprocessing = 0;
		};
		A7D0935A1B146DBD003C1EBE /* Resources */ = {
			isa = PBXResourcesBuildPhase;
			buildActionMask = 2147483647;
			files = (
			);
			runOnlyForDeploymentPostprocessing = 0;
		};
/* End PBXResourcesBuildPhase section */

/* Begin PBXSourcesBuildPhase section */
		A7D093401B146DBD003C1EBE /* Sources */ = {
			isa = PBXSourcesBuildPhase;
			buildActionMask = 2147483647;
			files = (
				A77E883A1B1EE3E200066B0A /* ActionSheetStringPicker.m in Sources */,
				A77E883B1B1EE3E200066B0A /* DistancePickerView.m in Sources */,
				A77E88351B1EE3E200066B0A /* AbstractActionSheetPicker.m in Sources */,
				A7D0936E1B146DFD003C1EBE /* RJLastCigaretteViewController.swift in Sources */,
				A75C1D001B172F70008B3956 /* RJCostPerPackTableViewController.swift in Sources */,
				A77E883C1B1EE3E200066B0A /* SWActionSheet.m in Sources */,
				A7D093791B159EAD003C1EBE /* RJIntroViewController.swift in Sources */,
				A77E88381B1EE3E200066B0A /* ActionSheetDistancePicker.m in Sources */,
				A7D0936F1B146DFD003C1EBE /* RJSettingsViewController.swift in Sources */,
				A77E88391B1EE3E200066B0A /* ActionSheetLocalePicker.m in Sources */,
				A75C1D041B1735E7008B3956 /* RJNumberOfCigarettesPerPackTableViewController.swift in Sources */,
				A7D0934D1B146DBD003C1EBE /* LastCigarette.xcdatamodeld in Sources */,
				A77E87CA1B1EC9BC00066B0A /* Extensions.swift in Sources */,
				A77E88371B1EE3E200066B0A /* ActionSheetDatePicker.m in Sources */,
				A77E88361B1EE3E200066B0A /* ActionSheetCustomPicker.m in Sources */,
				A773E49F1B1D5B7C0038D718 /* Cigarette.swift in Sources */,
				A7D0934A1B146DBD003C1EBE /* AppDelegate.swift in Sources */,
				A77E85CE1B1D8CF800066B0A /* RJInitialSettings.swift in Sources */,
			);
			runOnlyForDeploymentPostprocessing = 0;
		};
		A7D093581B146DBD003C1EBE /* Sources */ = {
			isa = PBXSourcesBuildPhase;
			buildActionMask = 2147483647;
			files = (
				A7D093631B146DBD003C1EBE /* LastCigaretteTests.swift in Sources */,
			);
			runOnlyForDeploymentPostprocessing = 0;
		};
/* End PBXSourcesBuildPhase section */

/* Begin PBXTargetDependency section */
		A7D0935E1B146DBD003C1EBE /* PBXTargetDependency */ = {
			isa = PBXTargetDependency;
			target = A7D093431B146DBD003C1EBE /* LastCigarette */;
			targetProxy = A7D0935D1B146DBD003C1EBE /* PBXContainerItemProxy */;
		};
/* End PBXTargetDependency section */

/* Begin PBXVariantGroup section */
		A7D093551B146DBD003C1EBE /* LaunchScreen.xib */ = {
			isa = PBXVariantGroup;
			children = (
				A7D093561B146DBD003C1EBE /* Base */,
			);
			name = LaunchScreen.xib;
			sourceTree = "<group>";
		};
/* End PBXVariantGroup section */

/* Begin XCBuildConfiguration section */
		A7D093641B146DBD003C1EBE /* Debug */ = {
			isa = XCBuildConfiguration;
			buildSettings = {
				ALWAYS_SEARCH_USER_PATHS = NO;
				CLANG_CXX_LANGUAGE_STANDARD = "gnu++0x";
				CLANG_CXX_LIBRARY = "libc++";
				CLANG_ENABLE_MODULES = YES;
				CLANG_ENABLE_OBJC_ARC = YES;
				CLANG_WARN_BOOL_CONVERSION = YES;
				CLANG_WARN_CONSTANT_CONVERSION = YES;
				CLANG_WARN_DIRECT_OBJC_ISA_USAGE = YES_ERROR;
				CLANG_WARN_EMPTY_BODY = YES;
				CLANG_WARN_ENUM_CONVERSION = YES;
				CLANG_WARN_INT_CONVERSION = YES;
				CLANG_WARN_OBJC_ROOT_CLASS = YES_ERROR;
				CLANG_WARN_UNREACHABLE_CODE = YES;
				CLANG_WARN__DUPLICATE_METHOD_MATCH = YES;
				"CODE_SIGN_IDENTITY[sdk=iphoneos*]" = "iPhone Developer";
				COPY_PHASE_STRIP = NO;
				DEBUG_INFORMATION_FORMAT = "dwarf-with-dsym";
				ENABLE_STRICT_OBJC_MSGSEND = YES;
				GCC_C_LANGUAGE_STANDARD = gnu99;
				GCC_DYNAMIC_NO_PIC = NO;
				GCC_NO_COMMON_BLOCKS = YES;
				GCC_OPTIMIZATION_LEVEL = 0;
				GCC_PREPROCESSOR_DEFINITIONS = (
					"DEBUG=1",
					"$(inherited)",
				);
				GCC_SYMBOLS_PRIVATE_EXTERN = NO;
				GCC_WARN_64_TO_32_BIT_CONVERSION = YES;
				GCC_WARN_ABOUT_RETURN_TYPE = YES_ERROR;
				GCC_WARN_UNDECLARED_SELECTOR = YES;
				GCC_WARN_UNINITIALIZED_AUTOS = YES_AGGRESSIVE;
				GCC_WARN_UNUSED_FUNCTION = YES;
				GCC_WARN_UNUSED_VARIABLE = YES;
				IPHONEOS_DEPLOYMENT_TARGET = 8.3;
				MTL_ENABLE_DEBUG_INFO = YES;
				ONLY_ACTIVE_ARCH = YES;
				SDKROOT = iphoneos;
				SWIFT_OBJC_BRIDGING_HEADER = "LastCigarette/Libraries/LastCigarette-Bridging-Header.h";
				SWIFT_OPTIMIZATION_LEVEL = "-Onone";
			};
			name = Debug;
		};
		A7D093651B146DBD003C1EBE /* Release */ = {
			isa = XCBuildConfiguration;
			buildSettings = {
				ALWAYS_SEARCH_USER_PATHS = NO;
				CLANG_CXX_LANGUAGE_STANDARD = "gnu++0x";
				CLANG_CXX_LIBRARY = "libc++";
				CLANG_ENABLE_MODULES = YES;
				CLANG_ENABLE_OBJC_ARC = YES;
				CLANG_WARN_BOOL_CONVERSION = YES;
				CLANG_WARN_CONSTANT_CONVERSION = YES;
				CLANG_WARN_DIRECT_OBJC_ISA_USAGE = YES_ERROR;
				CLANG_WARN_EMPTY_BODY = YES;
				CLANG_WARN_ENUM_CONVERSION = YES;
				CLANG_WARN_INT_CONVERSION = YES;
				CLANG_WARN_OBJC_ROOT_CLASS = YES_ERROR;
				CLANG_WARN_UNREACHABLE_CODE = YES;
				CLANG_WARN__DUPLICATE_METHOD_MATCH = YES;
				"CODE_SIGN_IDENTITY[sdk=iphoneos*]" = "iPhone Developer";
				COPY_PHASE_STRIP = NO;
				DEBUG_INFORMATION_FORMAT = "dwarf-with-dsym";
				ENABLE_NS_ASSERTIONS = NO;
				ENABLE_STRICT_OBJC_MSGSEND = YES;
				GCC_C_LANGUAGE_STANDARD = gnu99;
				GCC_NO_COMMON_BLOCKS = YES;
				GCC_WARN_64_TO_32_BIT_CONVERSION = YES;
				GCC_WARN_ABOUT_RETURN_TYPE = YES_ERROR;
				GCC_WARN_UNDECLARED_SELECTOR = YES;
				GCC_WARN_UNINITIALIZED_AUTOS = YES_AGGRESSIVE;
				GCC_WARN_UNUSED_FUNCTION = YES;
				GCC_WARN_UNUSED_VARIABLE = YES;
				IPHONEOS_DEPLOYMENT_TARGET = 8.3;
				MTL_ENABLE_DEBUG_INFO = NO;
				SDKROOT = iphoneos;
				SWIFT_OBJC_BRIDGING_HEADER = "LastCigarette/Libraries/LastCigarette-Bridging-Header.h";
				VALIDATE_PRODUCT = YES;
			};
			name = Release;
		};
		A7D093671B146DBD003C1EBE /* Debug */ = {
			isa = XCBuildConfiguration;
			buildSettings = {
				ASSETCATALOG_COMPILER_APPICON_NAME = AppIcon;
				CLANG_ENABLE_MODULES = YES;
				FRAMEWORK_SEARCH_PATHS = (
					"$(inherited)",
					"$(PROJECT_DIR)/LastCigarette/Frameworks",
					"$(PROJECT_DIR)/LastCigarette/Frameworks/Realm/RealmSwift.framework/Frameworks",
					"$(PROJECT_DIR)/LastCigarette/Frameworks/Realm",
					"$(PROJECT_DIR)/LastCigarette/Libraries/ActionSheetPicker/Example",
					"Projects/Framework-objc",
				);
				INFOPLIST_FILE = LastCigarette/Info.plist;
				LD_RUNPATH_SEARCH_PATHS = "$(inherited) @executable_path/Frameworks";
				PRODUCT_NAME = "$(TARGET_NAME)";
				SWIFT_OPTIMIZATION_LEVEL = "-Onone";
			};
			name = Debug;
		};
		A7D093681B146DBD003C1EBE /* Release */ = {
			isa = XCBuildConfiguration;
			buildSettings = {
				ASSETCATALOG_COMPILER_APPICON_NAME = AppIcon;
				CLANG_ENABLE_MODULES = YES;
				FRAMEWORK_SEARCH_PATHS = (
					"$(inherited)",
					"$(PROJECT_DIR)/LastCigarette/Frameworks",
					"$(PROJECT_DIR)/LastCigarette/Frameworks/Realm/RealmSwift.framework/Frameworks",
					"$(PROJECT_DIR)/LastCigarette/Frameworks/Realm",
					"$(PROJECT_DIR)/LastCigarette/Libraries/ActionSheetPicker/Example",
					"Projects/Framework-objc",
				);
				INFOPLIST_FILE = LastCigarette/Info.plist;
				LD_RUNPATH_SEARCH_PATHS = "$(inherited) @executable_path/Frameworks";
				PRODUCT_NAME = "$(TARGET_NAME)";
			};
			name = Release;
		};
		A7D0936A1B146DBD003C1EBE /* Debug */ = {
			isa = XCBuildConfiguration;
			buildSettings = {
				BUNDLE_LOADER = "$(TEST_HOST)";
				FRAMEWORK_SEARCH_PATHS = (
					"$(SDKROOT)/Developer/Library/Frameworks",
					"$(inherited)",
				);
				GCC_PREPROCESSOR_DEFINITIONS = (
					"DEBUG=1",
					"$(inherited)",
				);
				INFOPLIST_FILE = LastCigaretteTests/Info.plist;
				LD_RUNPATH_SEARCH_PATHS = "$(inherited) @executable_path/Frameworks @loader_path/Frameworks";
				PRODUCT_NAME = "$(TARGET_NAME)";
				TEST_HOST = "$(BUILT_PRODUCTS_DIR)/LastCigarette.app/LastCigarette";
			};
			name = Debug;
		};
		A7D0936B1B146DBD003C1EBE /* Release */ = {
			isa = XCBuildConfiguration;
			buildSettings = {
				BUNDLE_LOADER = "$(TEST_HOST)";
				FRAMEWORK_SEARCH_PATHS = (
					"$(SDKROOT)/Developer/Library/Frameworks",
					"$(inherited)",
				);
				INFOPLIST_FILE = LastCigaretteTests/Info.plist;
				LD_RUNPATH_SEARCH_PATHS = "$(inherited) @executable_path/Frameworks @loader_path/Frameworks";
				PRODUCT_NAME = "$(TARGET_NAME)";
				TEST_HOST = "$(BUILT_PRODUCTS_DIR)/LastCigarette.app/LastCigarette";
			};
			name = Release;
		};
/* End XCBuildConfiguration section */

/* Begin XCConfigurationList section */
		A7D0933F1B146DBD003C1EBE /* Build configuration list for PBXProject "LastCigarette" */ = {
			isa = XCConfigurationList;
			buildConfigurations = (
				A7D093641B146DBD003C1EBE /* Debug */,
				A7D093651B146DBD003C1EBE /* Release */,
			);
			defaultConfigurationIsVisible = 0;
			defaultConfigurationName = Release;
		};
		A7D093661B146DBD003C1EBE /* Build configuration list for PBXNativeTarget "LastCigarette" */ = {
			isa = XCConfigurationList;
			buildConfigurations = (
				A7D093671B146DBD003C1EBE /* Debug */,
				A7D093681B146DBD003C1EBE /* Release */,
			);
			defaultConfigurationIsVisible = 0;
			defaultConfigurationName = Release;
		};
		A7D093691B146DBD003C1EBE /* Build configuration list for PBXNativeTarget "LastCigaretteTests" */ = {
			isa = XCConfigurationList;
			buildConfigurations = (
				A7D0936A1B146DBD003C1EBE /* Debug */,
				A7D0936B1B146DBD003C1EBE /* Release */,
			);
			defaultConfigurationIsVisible = 0;
			defaultConfigurationName = Release;
		};
/* End XCConfigurationList section */

/* Begin XCVersionGroup section */
		A7D0934B1B146DBD003C1EBE /* LastCigarette.xcdatamodeld */ = {
			isa = XCVersionGroup;
			children = (
				A7D0934C1B146DBD003C1EBE /* LastCigarette.xcdatamodel */,
			);
			currentVersion = A7D0934C1B146DBD003C1EBE /* LastCigarette.xcdatamodel */;
			path = LastCigarette.xcdatamodeld;
			sourceTree = "<group>";
			versionGroupType = wrapper.xcdatamodel;
		};
/* End XCVersionGroup section */
	};
	rootObject = A7D0933C1B146DBD003C1EBE /* Project object */;
}
